
Microsoft Visual Studio Solution File, Format Version 12.00
# Visual Studio Version 17
VisualStudioVersion = 17.3.32819.101
MinimumVisualStudioVersion = 10.0.40219.1
Project("{FAE04EC0-301F-11D3-BF4B-00C04F79EFBC}") = "ASPNET_HTML_HELPERSApplication", "ASPNET_HTML_HELPERSApplication.csproj", "{961CEF69-40D2-4033-8AF4-38AF8A267BCE}"
EndProject
Global
	GlobalSection(SolutionConfigurationPlatforms) = preSolution
		Debug|Any CPU = Debug|Any CPU
		Release|Any CPU = Release|Any CPU
	EndGlobalSection
	GlobalSection(ProjectConfigurationPlatforms) = postSolution
		{961CEF69-40D2-4033-8AF4-38AF8A267BCE}.Debug|Any CPU.ActiveCfg = Debug|Any CPU
		{961CEF69-40D2-4033-8AF4-38AF8A267BCE}.Debug|Any CPU.Build.0 = Debug|Any CPU
		{961CEF69-40D2-4033-8AF4-38AF8A267BCE}.Release|Any CPU.ActiveCfg = Release|Any CPU
		{961CEF69-40D2-4033-8AF4-38AF8A267BCE}.Release|Any CPU.Build.0 = Release|Any CPU
	EndGlobalSection
	GlobalSection(SolutionProperties) = preSolution
		HideSolutionNode = FALSE
	EndGlobalSection
	GlobalSection(ExtensibilityGlobals) = postSolution
		SolutionGuid = {25D5291D-840B-4670-9D03-270F51475E86}
	EndGlobalSection
EndGlobal
