
Microsoft Visual Studio Solution File, Format Version 12.00
# Visual Studio Version 17
VisualStudioVersion = 17.4.33122.133
MinimumVisualStudioVersion = 10.0.40219.1
Project("{FAE04EC0-301F-11D3-BF4B-00C04F79EFBC}") = "UsersWebApplication", "UsersWebApplication.csproj", "{A12167D6-51DC-4C95-93DB-F722C9A7CB17}"
EndProject
Global
	GlobalSection(SolutionConfigurationPlatforms) = preSolution
		Debug|Any CPU = Debug|Any CPU
		Release|Any CPU = Release|Any CPU
	EndGlobalSection
	GlobalSection(ProjectConfigurationPlatforms) = postSolution
		{A12167D6-51DC-4C95-93DB-F722C9A7CB17}.Debug|Any CPU.ActiveCfg = Debug|Any CPU
		{A12167D6-51DC-4C95-93DB-F722C9A7CB17}.Debug|Any CPU.Build.0 = Debug|Any CPU
		{A12167D6-51DC-4C95-93DB-F722C9A7CB17}.Release|Any CPU.ActiveCfg = Release|Any CPU
		{A12167D6-51DC-4C95-93DB-F722C9A7CB17}.Release|Any CPU.Build.0 = Release|Any CPU
	EndGlobalSection
	GlobalSection(SolutionProperties) = preSolution
		HideSolutionNode = FALSE
	EndGlobalSection
	GlobalSection(ExtensibilityGlobals) = postSolution
		SolutionGuid = {7DE7A9C8-5CEC-498F-BE0D-D92666E3EF46}
	EndGlobalSection
EndGlobal
