
Microsoft Visual Studio Solution File, Format Version 12.00
# Visual Studio Version 17
VisualStudioVersion = 17.4.33122.133
MinimumVisualStudioVersion = 10.0.40219.1
Project("{FAE04EC0-301F-11D3-BF4B-00C04F79EFBC}") = "MinimalApiWebApplication", "MinimalApiWebApplication.csproj", "{7F5D1F61-7802-4778-85C6-1CEC8FA16C0D}"
EndProject
Global
	GlobalSection(SolutionConfigurationPlatforms) = preSolution
		Debug|Any CPU = Debug|Any CPU
		Release|Any CPU = Release|Any CPU
	EndGlobalSection
	GlobalSection(ProjectConfigurationPlatforms) = postSolution
		{7F5D1F61-7802-4778-85C6-1CEC8FA16C0D}.Debug|Any CPU.ActiveCfg = Debug|Any CPU
		{7F5D1F61-7802-4778-85C6-1CEC8FA16C0D}.Debug|Any CPU.Build.0 = Debug|Any CPU
		{7F5D1F61-7802-4778-85C6-1CEC8FA16C0D}.Release|Any CPU.ActiveCfg = Release|Any CPU
		{7F5D1F61-7802-4778-85C6-1CEC8FA16C0D}.Release|Any CPU.Build.0 = Release|Any CPU
	EndGlobalSection
	GlobalSection(SolutionProperties) = preSolution
		HideSolutionNode = FALSE
	EndGlobalSection
	GlobalSection(ExtensibilityGlobals) = postSolution
		SolutionGuid = {FEFA59AD-ACCE-46BA-B24E-723793AC0567}
	EndGlobalSection
EndGlobal
