
Microsoft Visual Studio Solution File, Format Version 12.00
# Visual Studio Version 17
VisualStudioVersion = 17.3.32819.101
MinimumVisualStudioVersion = 10.0.40219.1
Project("{FAE04EC0-301F-11D3-BF4B-00C04F79EFBC}") = "RoutingApplication", "RoutingApplication.csproj", "{3BF82F9C-CABE-4C57-8FA4-A9C33B5232AF}"
EndProject
Global
	GlobalSection(SolutionConfigurationPlatforms) = preSolution
		Debug|Any CPU = Debug|Any CPU
		Release|Any CPU = Release|Any CPU
	EndGlobalSection
	GlobalSection(ProjectConfigurationPlatforms) = postSolution
		{3BF82F9C-CABE-4C57-8FA4-A9C33B5232AF}.Debug|Any CPU.ActiveCfg = Debug|Any CPU
		{3BF82F9C-CABE-4C57-8FA4-A9C33B5232AF}.Debug|Any CPU.Build.0 = Debug|Any CPU
		{3BF82F9C-CABE-4C57-8FA4-A9C33B5232AF}.Release|Any CPU.ActiveCfg = Release|Any CPU
		{3BF82F9C-CABE-4C57-8FA4-A9C33B5232AF}.Release|Any CPU.Build.0 = Release|Any CPU
	EndGlobalSection
	GlobalSection(SolutionProperties) = preSolution
		HideSolutionNode = FALSE
	EndGlobalSection
	GlobalSection(ExtensibilityGlobals) = postSolution
		SolutionGuid = {7B66C1F9-7D62-4FB7-BCF8-B9645D47CAB6}
	EndGlobalSection
EndGlobal
