
Microsoft Visual Studio Solution File, Format Version 12.00
# Visual Studio Version 17
VisualStudioVersion = 17.4.33122.133
MinimumVisualStudioVersion = 10.0.40219.1
Project("{FAE04EC0-301F-11D3-BF4B-00C04F79EFBC}") = "RBACWebApplication", "RBACWebApplication.csproj", "{ADD66211-798E-4FA6-B406-B62DA1A1FD65}"
EndProject
Global
	GlobalSection(SolutionConfigurationPlatforms) = preSolution
		Debug|Any CPU = Debug|Any CPU
		Release|Any CPU = Release|Any CPU
	EndGlobalSection
	GlobalSection(ProjectConfigurationPlatforms) = postSolution
		{ADD66211-798E-4FA6-B406-B62DA1A1FD65}.Debug|Any CPU.ActiveCfg = Debug|Any CPU
		{ADD66211-798E-4FA6-B406-B62DA1A1FD65}.Debug|Any CPU.Build.0 = Debug|Any CPU
		{ADD66211-798E-4FA6-B406-B62DA1A1FD65}.Release|Any CPU.ActiveCfg = Release|Any CPU
		{ADD66211-798E-4FA6-B406-B62DA1A1FD65}.Release|Any CPU.Build.0 = Release|Any CPU
	EndGlobalSection
	GlobalSection(SolutionProperties) = preSolution
		HideSolutionNode = FALSE
	EndGlobalSection
	GlobalSection(ExtensibilityGlobals) = postSolution
		SolutionGuid = {EC6B9367-D757-4A0E-96EC-95C048A2BE01}
	EndGlobalSection
EndGlobal
