
Microsoft Visual Studio Solution File, Format Version 12.00
# Visual Studio Version 17
VisualStudioVersion = 17.4.33122.133
MinimumVisualStudioVersion = 10.0.40219.1
Project("{FAE04EC0-301F-11D3-BF4B-00C04F79EFBC}") = "MongoDbWebApplication", "MongoDbWebApplication.csproj", "{77FF8B75-8728-4B7E-91F5-D1D232CF1B44}"
EndProject
Global
	GlobalSection(SolutionConfigurationPlatforms) = preSolution
		Debug|Any CPU = Debug|Any CPU
		Release|Any CPU = Release|Any CPU
	EndGlobalSection
	GlobalSection(ProjectConfigurationPlatforms) = postSolution
		{77FF8B75-8728-4B7E-91F5-D1D232CF1B44}.Debug|Any CPU.ActiveCfg = Debug|Any CPU
		{77FF8B75-8728-4B7E-91F5-D1D232CF1B44}.Debug|Any CPU.Build.0 = Debug|Any CPU
		{77FF8B75-8728-4B7E-91F5-D1D232CF1B44}.Release|Any CPU.ActiveCfg = Release|Any CPU
		{77FF8B75-8728-4B7E-91F5-D1D232CF1B44}.Release|Any CPU.Build.0 = Release|Any CPU
	EndGlobalSection
	GlobalSection(SolutionProperties) = preSolution
		HideSolutionNode = FALSE
	EndGlobalSection
	GlobalSection(ExtensibilityGlobals) = postSolution
		SolutionGuid = {3D339E02-7200-4137-95D0-FAA9D6514CD7}
	EndGlobalSection
EndGlobal
