
Microsoft Visual Studio Solution File, Format Version 12.00
# Visual Studio Version 17
VisualStudioVersion = 17.3.32819.101
MinimumVisualStudioVersion = 10.0.40219.1
Project("{FAE04EC0-301F-11D3-BF4B-00C04F79EFBC}") = "MVCWebApplication", "MVCWebApplication.csproj", "{16786F8F-5FA3-4626-8454-4DDCADD71955}"
EndProject
Global
	GlobalSection(SolutionConfigurationPlatforms) = preSolution
		Debug|Any CPU = Debug|Any CPU
		Release|Any CPU = Release|Any CPU
	EndGlobalSection
	GlobalSection(ProjectConfigurationPlatforms) = postSolution
		{16786F8F-5FA3-4626-8454-4DDCADD71955}.Debug|Any CPU.ActiveCfg = Debug|Any CPU
		{16786F8F-5FA3-4626-8454-4DDCADD71955}.Debug|Any CPU.Build.0 = Debug|Any CPU
		{16786F8F-5FA3-4626-8454-4DDCADD71955}.Release|Any CPU.ActiveCfg = Release|Any CPU
		{16786F8F-5FA3-4626-8454-4DDCADD71955}.Release|Any CPU.Build.0 = Release|Any CPU
	EndGlobalSection
	GlobalSection(SolutionProperties) = preSolution
		HideSolutionNode = FALSE
	EndGlobalSection
	GlobalSection(ExtensibilityGlobals) = postSolution
		SolutionGuid = {1D170A78-3C4D-48AA-9262-A00EEB51EBCF}
	EndGlobalSection
EndGlobal
