
Microsoft Visual Studio Solution File, Format Version 12.00
# Visual Studio Version 17
VisualStudioVersion = 17.4.33122.133
MinimumVisualStudioVersion = 10.0.40219.1
Project("{FAE04EC0-301F-11D3-BF4B-00C04F79EFBC}") = "WebApiLibrary", "WebApiLibrary.csproj", "{4E956C2E-1AF6-4C9B-B084-A1B249764066}"
EndProject
Global
	GlobalSection(SolutionConfigurationPlatforms) = preSolution
		Debug|Any CPU = Debug|Any CPU
		Release|Any CPU = Release|Any CPU
	EndGlobalSection
	GlobalSection(ProjectConfigurationPlatforms) = postSolution
		{4E956C2E-1AF6-4C9B-B084-A1B249764066}.Debug|Any CPU.ActiveCfg = Debug|Any CPU
		{4E956C2E-1AF6-4C9B-B084-A1B249764066}.Debug|Any CPU.Build.0 = Debug|Any CPU
		{4E956C2E-1AF6-4C9B-B084-A1B249764066}.Release|Any CPU.ActiveCfg = Release|Any CPU
		{4E956C2E-1AF6-4C9B-B084-A1B249764066}.Release|Any CPU.Build.0 = Release|Any CPU
	EndGlobalSection
	GlobalSection(SolutionProperties) = preSolution
		HideSolutionNode = FALSE
	EndGlobalSection
	GlobalSection(ExtensibilityGlobals) = postSolution
		SolutionGuid = {23FE2664-A335-42D5-8607-F79634A4E379}
	EndGlobalSection
EndGlobal
