
Microsoft Visual Studio Solution File, Format Version 12.00
# Visual Studio Version 17
VisualStudioVersion = 17.3.32819.101
MinimumVisualStudioVersion = 10.0.40219.1
Project("{FAE04EC0-301F-11D3-BF4B-00C04F79EFBC}") = "WebApplicationX", "WebApplicationX.csproj", "{C574358B-3125-4837-A92B-A07E1802021B}"
EndProject
Global
	GlobalSection(SolutionConfigurationPlatforms) = preSolution
		Debug|Any CPU = Debug|Any CPU
		Release|Any CPU = Release|Any CPU
	EndGlobalSection
	GlobalSection(ProjectConfigurationPlatforms) = postSolution
		{C574358B-3125-4837-A92B-A07E1802021B}.Debug|Any CPU.ActiveCfg = Debug|Any CPU
		{C574358B-3125-4837-A92B-A07E1802021B}.Debug|Any CPU.Build.0 = Debug|Any CPU
		{C574358B-3125-4837-A92B-A07E1802021B}.Release|Any CPU.ActiveCfg = Release|Any CPU
		{C574358B-3125-4837-A92B-A07E1802021B}.Release|Any CPU.Build.0 = Release|Any CPU
	EndGlobalSection
	GlobalSection(SolutionProperties) = preSolution
		HideSolutionNode = FALSE
	EndGlobalSection
	GlobalSection(ExtensibilityGlobals) = postSolution
		SolutionGuid = {7952831A-5E28-4F1A-A940-33E98B2D119A}
	EndGlobalSection
EndGlobal
