
Microsoft Visual Studio Solution File, Format Version 12.00
# Visual Studio Version 17
VisualStudioVersion = 17.4.33122.133
MinimumVisualStudioVersion = 10.0.40219.1
Project("{9A19103F-16F7-4668-BE54-9A1E7A4F7556}") = "PaginationWebApplication", "PaginationWebApplication.csproj", "{F4640637-0275-4577-8FC3-791BC02CD7B3}"
EndProject
Project("{9A19103F-16F7-4668-BE54-9A1E7A4F7556}") = "PaginationWebApplicationTests", "..\PaginationWebApplicationTests\PaginationWebApplicationTests.csproj", "{444535DD-6203-4D43-BD5E-A9218AFBBBD8}"
EndProject
Global
	GlobalSection(SolutionConfigurationPlatforms) = preSolution
		Debug|Any CPU = Debug|Any CPU
		Release|Any CPU = Release|Any CPU
	EndGlobalSection
	GlobalSection(ProjectConfigurationPlatforms) = postSolution
		{F4640637-0275-4577-8FC3-791BC02CD7B3}.Debug|Any CPU.ActiveCfg = Debug|Any CPU
		{F4640637-0275-4577-8FC3-791BC02CD7B3}.Debug|Any CPU.Build.0 = Debug|Any CPU
		{F4640637-0275-4577-8FC3-791BC02CD7B3}.Release|Any CPU.ActiveCfg = Release|Any CPU
		{F4640637-0275-4577-8FC3-791BC02CD7B3}.Release|Any CPU.Build.0 = Release|Any CPU
		{444535DD-6203-4D43-BD5E-A9218AFBBBD8}.Debug|Any CPU.ActiveCfg = Debug|Any CPU
		{444535DD-6203-4D43-BD5E-A9218AFBBBD8}.Debug|Any CPU.Build.0 = Debug|Any CPU
		{444535DD-6203-4D43-BD5E-A9218AFBBBD8}.Release|Any CPU.ActiveCfg = Release|Any CPU
		{444535DD-6203-4D43-BD5E-A9218AFBBBD8}.Release|Any CPU.Build.0 = Release|Any CPU
	EndGlobalSection
	GlobalSection(SolutionProperties) = preSolution
		HideSolutionNode = FALSE
	EndGlobalSection
	GlobalSection(ExtensibilityGlobals) = postSolution
		SolutionGuid = {6C122D62-E385-433B-9F2A-B2A5B4E7A050}
	EndGlobalSection
EndGlobal
